
Microsoft Visual Studio Solution File, Format Version 12.00
# Visual Studio Version 17
VisualStudioVersion = 17.14.37203.1
MinimumVisualStudioVersion = 10.0.40219.1
Project("{FAE04EC0-301F-11D3-BF4B-00C04F79EFBC}") = "HelloWorld", "HelloWorld\HelloWorld.csproj", "{02D21A88-7277-4BEC-A5AE-4C5503B2898E}"
EndProject
Project("{FAE04EC0-301F-11D3-BF4B-00C04F79EFBC}") = "SayilariTopla", "SayilariTopla\SayilariTopla.csproj", "{F604FB85-4DF1-46C3-B112-FE722CE5806F}"
EndProject
Project("{FAE04EC0-301F-11D3-BF4B-00C04F79EFBC}") = "Variables", "Variables\Variables.csproj", "{7EA3493A-E5EB-4770-B4A6-FCC44DF2E855}"
EndProject
Global
	GlobalSection(SolutionConfigurationPlatforms) = preSolution
		Debug|Any CPU = Debug|Any CPU
		Release|Any CPU = Release|Any CPU
	EndGlobalSection
	GlobalSection(ProjectConfigurationPlatforms) = postSolution
		{02D21A88-7277-4BEC-A5AE-4C5503B2898E}.Debug|Any CPU.ActiveCfg = Debug|Any CPU
		{02D21A88-7277-4BEC-A5AE-4C5503B2898E}.Debug|Any CPU.Build.0 = Debug|Any CPU
		{02D21A88-7277-4BEC-A5AE-4C5503B2898E}.Release|Any CPU.ActiveCfg = Release|Any CPU
		{02D21A88-7277-4BEC-A5AE-4C5503B2898E}.Release|Any CPU.Build.0 = Release|Any CPU
		{F604FB85-4DF1-46C3-B112-FE722CE5806F}.Debug|Any CPU.ActiveCfg = Debug|Any CPU
		{F604FB85-4DF1-46C3-B112-FE722CE5806F}.Debug|Any CPU.Build.0 = Debug|Any CPU
		{F604FB85-4DF1-46C3-B112-FE722CE5806F}.Release|Any CPU.ActiveCfg = Release|Any CPU
		{F604FB85-4DF1-46C3-B112-FE722CE5806F}.Release|Any CPU.Build.0 = Release|Any CPU
		{7EA3493A-E5EB-4770-B4A6-FCC44DF2E855}.Debug|Any CPU.ActiveCfg = Debug|Any CPU
		{7EA3493A-E5EB-4770-B4A6-FCC44DF2E855}.Debug|Any CPU.Build.0 = Debug|Any CPU
		{7EA3493A-E5EB-4770-B4A6-FCC44DF2E855}.Release|Any CPU.ActiveCfg = Release|Any CPU
		{7EA3493A-E5EB-4770-B4A6-FCC44DF2E855}.Release|Any CPU.Build.0 = Release|Any CPU
	EndGlobalSection
	GlobalSection(SolutionProperties) = preSolution
		HideSolutionNode = FALSE
	EndGlobalSection
	GlobalSection(ExtensibilityGlobals) = postSolution
		SolutionGuid = {A6151799-CC67-4234-8E79-7D6DBB027889}
	EndGlobalSection
EndGlobal
